// !$*UTF8*$!
{
	archiveVersion = 1;
	classes = {
	};
	objectVersion = 46;
	objects = {

/* Begin PBXBuildFile section */
		EA2FEB691F849AD300EE3495 /* main.m in Sources */ = {isa = PBXBuildFile; fileRef = EA2FEB681F849AD300EE3495 /* main.m */; };
		EA2FEB6C1F849AD300EE3495 /* AppDelegate.m in Sources */ = {isa = PBXBuildFile; fileRef = EA2FEB6B1F849AD300EE3495 /* AppDelegate.m */; };
		EA2FEB6F1F849AD300EE3495 /* ViewController.m in Sources */ = {isa = PBXBuildFile; fileRef = EA2FEB6E1F849AD300EE3495 /* ViewController.m */; };
		EA2FEB721F849AD300EE3495 /* Main.storyboard in Resources */ = {isa = PBXBuildFile; fileRef = EA2FEB701F849AD300EE3495 /* Main.storyboard */; };
		EA2FEB741F849AD300EE3495 /* Assets.xcassets in Resources */ = {isa = PBXBuildFile; fileRef = EA2FEB731F849AD300EE3495 /* Assets.xcassets */; };
		EA2FEB771F849AD300EE3495 /* LaunchScreen.storyboard in Resources */ = {isa = PBXBuildFile; fileRef = EA2FEB751F849AD300EE3495 /* LaunchScreen.storyboard */; };
		EA2FEB821F849AD400EE3495 /* ZLGalleryDemoTests.m in Sources */ = {isa = PBXBuildFile; fileRef = EA2FEB811F849AD400EE3495 /* ZLGalleryDemoTests.m */; };
/* End PBXBuildFile section */

/* Begin PBXContainerItemProxy section */
		EA2FEB7E1F849AD400EE3495 /* PBXContainerItemProxy */ = {
			isa = PBXContainerItemProxy;
			containerPortal = EA2FEB5C1F849AD300EE3495 /* Project object */;
			proxyType = 1;
			remoteGlobalIDString = EA2FEB631F849AD300EE3495;
			remoteInfo = ZLGalleryDemo;
		};
/* End PBXContainerItemProxy section */

/* Begin PBXFileReference section */
		EA2FEB641F849AD300EE3495 /* ZLGalleryDemo.app */ = {isa = PBXFileReference; explicitFileType = wrapper.application; includeInIndex = 0; path = ZLGalleryDemo.app; sourceTree = BUILT_PRODUCTS_DIR; };
		EA2FEB681F849AD300EE3495 /* main.m */ = {isa = PBXFileReference; lastKnownFileType = sourcecode.c.objc; path = main.m; sourceTree = "<group>"; };
		EA2FEB6A1F849AD300EE3495 /* AppDelegate.h */ = {isa = PBXFileReference; lastKnownFileType = sourcecode.c.h; path = AppDelegate.h; sourceTree = "<group>"; };
		EA2FEB6B1F849AD300EE3495 /* AppDelegate.m */ = {isa = PBXFileReference; lastKnownFileType = sourcecode.c.objc; path = AppDelegate.m; sourceTree = "<group>"; };
		EA2FEB6D1F849AD300EE3495 /* ViewController.h */ = {isa = PBXFileReference; lastKnownFileType = sourcecode.c.h; path = ViewController.h; sourceTree = "<group>"; };
		EA2FEB6E1F849AD300EE3495 /* ViewController.m */ = {isa = PBXFileReference; lastKnownFileType = sourcecode.c.objc; path = ViewController.m; sourceTree = "<group>"; };
		EA2FEB711F849AD300EE3495 /* Base */ = {isa = PBXFileReference; lastKnownFileType = file.storyboard; name = Base; path = Base.lproj/Main.storyboard; sourceTree = "<group>"; };
		EA2FEB731F849AD300EE3495 /* Assets.xcassets */ = {isa = PBXFileReference; lastKnownFileType = folder.assetcatalog; path = Assets.xcassets; sourceTree = "<group>"; };
		EA2FEB761F849AD300EE3495 /* Base */ = {isa = PBXFileReference; lastKnownFileType = file.storyboard; name = Base; path = Base.lproj/LaunchScreen.storyboard; sourceTree = "<group>"; };
		EA2FEB781F849AD300EE3495 /* Info.plist */ = {isa = PBXFileReference; lastKnownFileType = text.plist.xml; path = Info.plist; sourceTree = "<group>"; };
		EA2FEB7D1F849AD400EE3495 /* ZLGalleryDemoTests.xctest */ = {isa = PBXFileReference; explicitFileType = wrapper.cfbundle; includeInIndex = 0; path = ZLGalleryDemoTests.xctest; sourceTree = BUILT_PRODUCTS_DIR; };
		EA2FEB811F849AD400EE3495 /* ZLGalleryDemoTests.m */ = {isa = PBXFileReference; lastKnownFileType = sourcecode.c.objc; path = ZLGalleryDemoTests.m; sourceTree = "<group>"; };
		EA2FEB831F849AD400EE3495 /* Info.plist */ = {isa = PBXFileReference; lastKnownFileType = text.plist.xml; path = Info.plist; sourceTree = "<group>"; };
/* End PBXFileReference section */

/* Begin PBXFrameworksBuildPhase section */
		EA2FEB611F849AD300EE3495 /* Frameworks */ = {
			isa = PBXFrameworksBuildPhase;
			buildActionMask = 2147483647;
			files = (
			);
			runOnlyForDeploymentPostprocessing = 0;
		};
		EA2FEB7A1F849AD400EE3495 /* Frameworks */ = {
			isa = PBXFrameworksBuildPhase;
			buildActionMask = 2147483647;
			files = (
			);
			runOnlyForDeploymentPostprocessing = 0;
		};
/* End PBXFrameworksBuildPhase section */

/* Begin PBXGroup section */
		EA2FEB5B1F849AD300EE3495 = {
			isa = PBXGroup;
			children = (
				EA2FEB661F849AD300EE3495 /* ZLGalleryDemo */,
				EA2FEB801F849AD400EE3495 /* ZLGalleryDemoTests */,
				EA2FEB651F849AD300EE3495 /* Products */,
			);
			sourceTree = "<group>";
		};
		EA2FEB651F849AD300EE3495 /* Products */ = {
			isa = PBXGroup;
			children = (
				EA2FEB641F849AD300EE3495 /* ZLGalleryDemo.app */,
				EA2FEB7D1F849AD400EE3495 /* ZLGalleryDemoTests.xctest */,
			);
			name = Products;
			sourceTree = "<group>";
		};
		EA2FEB661F849AD300EE3495 /* ZLGalleryDemo */ = {
			isa = PBXGroup;
			children = (
				EA2FEB6A1F849AD300EE3495 /* AppDelegate.h */,
				EA2FEB6B1F849AD300EE3495 /* AppDelegate.m */,
				EA2FEB6D1F849AD300EE3495 /* ViewController.h */,
				EA2FEB6E1F849AD300EE3495 /* ViewController.m */,
				EA2FEB701F849AD300EE3495 /* Main.storyboard */,
				EA2FEB731F849AD300EE3495 /* Assets.xcassets */,
				EA2FEB751F849AD300EE3495 /* LaunchScreen.storyboard */,
				EA2FEB781F849AD300EE3495 /* Info.plist */,
				EA2FEB671F849AD300EE3495 /* Supporting Files */,
			);
			path = ZLGalleryDemo;
			sourceTree = "<group>";
		};
		EA2FEB671F849AD300EE3495 /* Supporting Files */ = {
			isa = PBXGroup;
			children = (
				EA2FEB681F849AD300EE3495 /* main.m */,
			);
			name = "Supporting Files";
			sourceTree = "<group>";
		};
		EA2FEB801F849AD400EE3495 /* ZLGalleryDemoTests */ = {
			isa = PBXGroup;
			children = (
				EA2FEB811F849AD400EE3495 /* ZLGalleryDemoTests.m */,
				EA2FEB831F849AD400EE3495 /* Info.plist */,
			);
			path = ZLGalleryDemoTests;
			sourceTree = "<group>";
		};
/* End PBXGroup section */

/* Begin PBXNativeTarget section */
		EA2FEB631F849AD300EE3495 /* ZLGalleryDemo */ = {
			isa = PBXNativeTarget;
			buildConfigurationList = EA2FEB861F849AD400EE3495 /* Build configuration list for PBXNativeTarget "ZLGalleryDemo" */;
			buildPhases = (
				EA2FEB601F849AD300EE3495 /* Sources */,
				EA2FEB611F849AD300EE3495 /* Frameworks */,
				EA2FEB621F849AD300EE3495 /* Resources */,
			);
			buildRules = (
			);
			dependencies = (
			);
			name = ZLGalleryDemo;
			productName = ZLGalleryDemo;
			productReference = EA2FEB641F849AD300EE3495 /* ZLGalleryDemo.app */;
			productType = "com.apple.product-type.application";
		};
		EA2FEB7C1F849AD400EE3495 /* ZLGalleryDemoTests */ = {
			isa = PBXNativeTarget;
			buildConfigurationList = EA2FEB891F849AD400EE3495 /* Build configuration list for PBXNativeTarget "ZLGalleryDemoTests" */;
			buildPhases = (
				EA2FEB791F849AD400EE3495 /* Sources */,
				EA2FEB7A1F849AD400EE3495 /* Frameworks */,
				EA2FEB7B1F849AD400EE3495 /* Resources */,
			);
			buildRules = (
			);
			dependencies = (
				EA2FEB7F1F849AD400EE3495 /* PBXTargetDependency */,
			);
			name = ZLGalleryDemoTests;
			productName = ZLGalleryDemoTests;
			productReference = EA2FEB7D1F849AD400EE3495 /* ZLGalleryDemoTests.xctest */;
			productType = "com.apple.product-type.bundle.unit-test";
		};
/* End PBXNativeTarget section */

/* Begin PBXProject section */
		EA2FEB5C1F849AD300EE3495 /* Project object */ = {
			isa = PBXProject;
			attributes = {
				LastUpgradeCheck = 0830;
				ORGANIZATIONNAME = "Doan Van Vu";
				TargetAttributes = {
					EA2FEB631F849AD300EE3495 = {
						CreatedOnToolsVersion = 8.3.3;
						ProvisioningStyle = Automatic;
					};
					EA2FEB7C1F849AD400EE3495 = {
						CreatedOnToolsVersion = 8.3.3;
						ProvisioningStyle = Automatic;
						TestTargetID = EA2FEB631F849AD300EE3495;
					};
				};
			};
			buildConfigurationList = EA2FEB5F1F849AD300EE3495 /* Build configuration list for PBXProject "ZLGalleryDemo" */;
			compatibilityVersion = "Xcode 3.2";
			developmentRegion = English;
			hasScannedForEncodings = 0;
			knownRegions = (
				en,
				Base,
			);
			mainGroup = EA2FEB5B1F849AD300EE3495;
			productRefGroup = EA2FEB651F849AD300EE3495 /* Products */;
			projectDirPath = "";
			projectRoot = "";
			targets = (
				EA2FEB631F849AD300EE3495 /* ZLGalleryDemo */,
				EA2FEB7C1F849AD400EE3495 /* ZLGalleryDemoTests */,
			);
		};
/* End PBXProject section */

/* Begin PBXResourcesBuildPhase section */
		EA2FEB621F849AD300EE3495 /* Resources */ = {
			isa = PBXResourcesBuildPhase;
			buildActionMask = 2147483647;
			files = (
				EA2FEB771F849AD300EE3495 /* LaunchScreen.storyboard in Resources */,
				EA2FEB741F849AD300EE3495 /* Assets.xcassets in Resources */,
				EA2FEB721F849AD300EE3495 /* Main.storyboard in Resources */,
			);
			runOnlyForDeploymentPostprocessing = 0;
		};
		EA2FEB7B1F849AD400EE3495 /* Resources */ = {
			isa = PBXResourcesBuildPhase;
			buildActionMask = 2147483647;
			files = (
			);
			runOnlyForDeploymentPostprocessing = 0;
		};
/* End PBXResourcesBuildPhase section */

/* Begin PBXSourcesBuildPhase section */
		EA2FEB601F849AD300EE3495 /* Sources */ = {
			isa = PBXSourcesBuildPhase;
			buildActionMask = 2147483647;
			files = (
				EA2FEB6F1F849AD300EE3495 /* ViewController.m in Sources */,
				EA2FEB6C1F849AD300EE3495 /* AppDelegate.m in Sources */,
				EA2FEB691F849AD300EE3495 /* main.m in Sources */,
			);
			runOnlyForDeploymentPostprocessing = 0;
		};
		EA2FEB791F849AD400EE3495 /* Sources */ = {
			isa = PBXSourcesBuildPhase;
			buildActionMask = 2147483647;
			files = (
				EA2FEB821F849AD400EE3495 /* ZLGalleryDemoTests.m in Sources */,
			);
			runOnlyForDeploymentPostprocessing = 0;
		};
/* End PBXSourcesBuildPhase section */

/* Begin PBXTargetDependency section */
		EA2FEB7F1F849AD400EE3495 /* PBXTargetDependency */ = {
			isa = PBXTargetDependency;
			target = EA2FEB631F849AD300EE3495 /* ZLGalleryDemo */;
			targetProxy = EA2FEB7E1F849AD400EE3495 /* PBXContainerItemProxy */;
		};
/* End PBXTargetDependency section */

/* Begin PBXVariantGroup section */
		EA2FEB701F849AD300EE3495 /* Main.storyboard */ = {
			isa = PBXVariantGroup;
			children = (
				EA2FEB711F849AD300EE3495 /* Base */,
			);
			name = Main.storyboard;
			sourceTree = "<group>";
		};
		EA2FEB751F849AD300EE3495 /* LaunchScreen.storyboard */ = {
			isa = PBXVariantGroup;
			children = (
				EA2FEB761F849AD300EE3495 /* Base */,
			);
			name = LaunchScreen.storyboard;
			sourceTree = "<group>";
		};
/* End PBXVariantGroup section */

/* Begin XCBuildConfiguration section */
		EA2FEB841F849AD400EE3495 /* Debug */ = {
			isa = XCBuildConfiguration;
			buildSettings = {
				ALWAYS_SEARCH_USER_PATHS = NO;
				CLANG_ANALYZER_NONNULL = YES;
				CLANG_ANALYZER_NUMBER_OBJECT_CONVERSION = YES_AGGRESSIVE;
				CLANG_CXX_LANGUAGE_STANDARD = "gnu++0x";
				CLANG_CXX_LIBRARY = "libc++";
				CLANG_ENABLE_MODULES = YES;
				CLANG_ENABLE_OBJC_ARC = YES;
				CLANG_WARN_BOOL_CONVERSION = YES;
				CLANG_WARN_CONSTANT_CONVERSION = YES;
				CLANG_WARN_DIRECT_OBJC_ISA_USAGE = YES_ERROR;
				CLANG_WARN_DOCUMENTATION_COMMENTS = YES;
				CLANG_WARN_EMPTY_BODY = YES;
				CLANG_WARN_ENUM_CONVERSION = YES;
				CLANG_WARN_INFINITE_RECURSION = YES;
				CLANG_WARN_INT_CONVERSION = YES;
				CLANG_WARN_OBJC_ROOT_CLASS = YES_ERROR;
				CLANG_WARN_SUSPICIOUS_MOVE = YES;
				CLANG_WARN_UNREACHABLE_CODE = YES;
				CLANG_WARN__DUPLICATE_METHOD_MATCH = YES;
				"CODE_SIGN_IDENTITY[sdk=iphoneos*]" = "iPhone Developer";
				COPY_PHASE_STRIP = NO;
				DEBUG_INFORMATION_FORMAT = dwarf;
				ENABLE_STRICT_OBJC_MSGSEND = YES;
				ENABLE_TESTABILITY = YES;
				GCC_C_LANGUAGE_STANDARD = gnu99;
				GCC_DYNAMIC_NO_PIC = NO;
				GCC_NO_COMMON_BLOCKS = YES;
				GCC_OPTIMIZATION_LEVEL = 0;
				GCC_PREPROCESSOR_DEFINITIONS = (
					"DEBUG=1",
					"$(inherited)",
				);
				GCC_WARN_64_TO_32_BIT_CONVERSION = YES;
				GCC_WARN_ABOUT_RETURN_TYPE = YES_ERROR;
				GCC_WARN_UNDECLARED_SELECTOR = YES;
				GCC_WARN_UNINITIALIZED_AUTOS = YES_AGGRESSIVE;
				GCC_WARN_UNUSED_FUNCTION = YES;
				GCC_WARN_UNUSED_VARIABLE = YES;
				IPHONEOS_DEPLOYMENT_TARGET = 10.3;
				MTL_ENABLE_DEBUG_INFO = YES;
				ONLY_ACTIVE_ARCH = YES;
				SDKROOT = iphoneos;
				TARGETED_DEVICE_FAMILY = "1,2";
			};
			name = Debug;
		};
		EA2FEB851F849AD400EE3495 /* Release */ = {
			isa = XCBuildConfiguration;
			buildSettings = {
				ALWAYS_SEARCH_USER_PATHS = NO;
				CLANG_ANALYZER_NONNULL = YES;
				CLANG_ANALYZER_NUMBER_OBJECT_CONVERSION = YES_AGGRESSIVE;
				CLANG_CXX_LANGUAGE_STANDARD = "gnu++0x";
				CLANG_CXX_LIBRARY = "libc++";
				CLANG_ENABLE_MODULES = YES;
				CLANG_ENABLE_OBJC_ARC = YES;
				CLANG_WARN_BOOL_CONVERSION = YES;
				CLANG_WARN_CONSTANT_CONVERSION = YES;
				CLANG_WARN_DIRECT_OBJC_ISA_USAGE = YES_ERROR;
				CLANG_WARN_DOCUMENTATION_COMMENTS = YES;
				CLANG_WARN_EMPTY_BODY = YES;
				CLANG_WARN_ENUM_CONVERSION = YES;
				CLANG_WARN_INFINITE_RECURSION = YES;
				CLANG_WARN_INT_CONVERSION = YES;
				CLANG_WARN_OBJC_ROOT_CLASS = YES_ERROR;
				CLANG_WARN_SUSPICIOUS_MOVE = YES;
				CLANG_WARN_UNREACHABLE_CODE = YES;
				CLANG_WARN__DUPLICATE_METHOD_MATCH = YES;
				"CODE_SIGN_IDENTITY[sdk=iphoneos*]" = "iPhone Developer";
				COPY_PHASE_STRIP = NO;
				DEBUG_INFORMATION_FORMAT = "dwarf-with-dsym";
				ENABLE_NS_ASSERTIONS = NO;
				ENABLE_STRICT_OBJC_MSGSEND = YES;
				GCC_C_LANGUAGE_STANDARD = gnu99;
				GCC_NO_COMMON_BLOCKS = YES;
				GCC_WARN_64_TO_32_BIT_CONVERSION = YES;
				GCC_WARN_ABOUT_RETURN_TYPE = YES_ERROR;
				GCC_WARN_UNDECLARED_SELECTOR = YES;
				GCC_WARN_UNINITIALIZED_AUTOS = YES_AGGRESSIVE;
				GCC_WARN_UNUSED_FUNCTION = YES;
				GCC_WARN_UNUSED_VARIABLE = YES;
				IPHONEOS_DEPLOYMENT_TARGET = 10.3;
				MTL_ENABLE_DEBUG_INFO = NO;
				SDKROOT = iphoneos;
				TARGETED_DEVICE_FAMILY = "1,2";
				VALIDATE_PRODUCT = YES;
			};
			name = Release;
		};
		EA2FEB871F849AD400EE3495 /* Debug */ = {
			isa = XCBuildConfiguration;
			buildSettings = {
				ASSETCATALOG_COMPILER_APPICON_NAME = AppIcon;
				INFOPLIST_FILE = ZLGalleryDemo/Info.plist;
				LD_RUNPATH_SEARCH_PATHS = "$(inherited) @executable_path/Frameworks";
				PRODUCT_BUNDLE_IDENTIFIER = VNG.ZLGalleryDemo;
				PRODUCT_NAME = "$(TARGET_NAME)";
			};
			name = Debug;
		};
		EA2FEB881F849AD400EE3495 /* Release */ = {
			isa = XCBuildConfiguration;
			buildSettings = {
				ASSETCATALOG_COMPILER_APPICON_NAME = AppIcon;
				INFOPLIST_FILE = ZLGalleryDemo/Info.plist;
				LD_RUNPATH_SEARCH_PATHS = "$(inherited) @executable_path/Frameworks";
				PRODUCT_BUNDLE_IDENTIFIER = VNG.ZLGalleryDemo;
				PRODUCT_NAME = "$(TARGET_NAME)";
			};
			name = Release;
		};
		EA2FEB8A1F849AD400EE3495 /* Debug */ = {
			isa = XCBuildConfiguration;
			buildSettings = {
				BUNDLE_LOADER = "$(TEST_HOST)";
				INFOPLIST_FILE = ZLGalleryDemoTests/Info.plist;
				LD_RUNPATH_SEARCH_PATHS = "$(inherited) @executable_path/Frameworks @loader_path/Frameworks";
				PRODUCT_BUNDLE_IDENTIFIER = VNG.ZLGalleryDemoTests;
				PRODUCT_NAME = "$(TARGET_NAME)";
				TEST_HOST = "$(BUILT_PRODUCTS_DIR)/ZLGalleryDemo.app/ZLGalleryDemo";
			};
			name = Debug;
		};
		EA2FEB8B1F849AD400EE3495 /* Release */ = {
			isa = XCBuildConfiguration;
			buildSettings = {
				BUNDLE_LOADER = "$(TEST_HOST)";
				INFOPLIST_FILE = ZLGalleryDemoTests/Info.plist;
				LD_RUNPATH_SEARCH_PATHS = "$(inherited) @executable_path/Frameworks @loader_path/Frameworks";
				PRODUCT_BUNDLE_IDENTIFIER = VNG.ZLGalleryDemoTests;
				PRODUCT_NAME = "$(TARGET_NAME)";
				TEST_HOST = "$(BUILT_PRODUCTS_DIR)/ZLGalleryDemo.app/ZLGalleryDemo";
			};
			name = Release;
		};
/* End XCBuildConfiguration section */

/* Begin XCConfigurationList section */
		EA2FEB5F1F849AD300EE3495 /* Build configuration list for PBXProject "ZLGalleryDemo" */ = {
			isa = XCConfigurationList;
			buildConfigurations = (
				EA2FEB841F849AD400EE3495 /* Debug */,
				EA2FEB851F849AD400EE3495 /* Release */,
			);
			defaultConfigurationIsVisible = 0;
			defaultConfigurationName = Release;
		};
		EA2FEB861F849AD400EE3495 /* Build configuration list for PBXNativeTarget "ZLGalleryDemo" */ = {
			isa = XCConfigurationList;
			buildConfigurations = (
				EA2FEB871F849AD400EE3495 /* Debug */,
				EA2FEB881F849AD400EE3495 /* Release */,
			);
			defaultConfigurationIsVisible = 0;
		};
		EA2FEB891F849AD400EE3495 /* Build configuration list for PBXNativeTarget "ZLGalleryDemoTests" */ = {
			isa = XCConfigurationList;
			buildConfigurations = (
				EA2FEB8A1F849AD400EE3495 /* Debug */,
				EA2FEB8B1F849AD400EE3495 /* Release */,
			);
			defaultConfigurationIsVisible = 0;
		};
/* End XCConfigurationList section */
	};
	rootObject = EA2FEB5C1F849AD300EE3495 /* Project object */;
}
